// !$*UTF8*$!
{
	archiveVersion = 1;
	classes = {
	};
	objectVersion = 77;
	objects = {

/* Begin PBXBuildFile section */
		4C6DD2652F69909200CEB39A /* DreamStore.swift in Sources */ = {isa = PBXBuildFile; fileRef = 4C6DD2622F69909200CEB39A /* DreamStore.swift */; };
		4C6DD2662F69909200CEB39A /* MockAIService.swift in Sources */ = {isa = PBXBuildFile; fileRef = 4C6DD2632F69909200CEB39A /* MockAIService.swift */; };
		4C6DD2672F69909200CEB39A /* Dream.swift in Sources */ = {isa = PBXBuildFile; fileRef = 4C6DD2612F69909200CEB39A /* Dream.swift */; };
/* End PBXBuildFile section */

/* Begin PBXFileReference section */
		4C4E851E2FCFD63A00C4FBB5 /* Products.storekit */ = {isa = PBXFileReference; lastKnownFileType = text; path = Products.storekit; sourceTree = "<group>"; };
		4C6DD1D82F67B95B00CEB39A /* MengjiApp.app */ = {isa = PBXFileReference; explicitFileType = wrapper.application; includeInIndex = 0; path = MengjiApp.app; sourceTree = BUILT_PRODUCTS_DIR; };
		4C6DD2612F69909200CEB39A /* Dream.swift */ = {isa = PBXFileReference; lastKnownFileType = sourcecode.swift; path = Dream.swift; sourceTree = "<group>"; };
		4C6DD2622F69909200CEB39A /* DreamStore.swift */ = {isa = PBXFileReference; lastKnownFileType = sourcecode.swift; path = DreamStore.swift; sourceTree = "<group>"; };
		4C6DD2632F69909200CEB39A /* MockAIService.swift */ = {isa = PBXFileReference; lastKnownFileType = sourcecode.swift; path = MockAIService.swift; sourceTree = "<group>"; };
		4C6DD3012F6A010000CEB39A /* Debug.xcconfig */ = {isa = PBXFileReference; lastKnownFileType = text.xcconfig; path = Debug.xcconfig; sourceTree = "<group>"; };
		4C6DD3022F6A010000CEB39A /* Debug.xcconfig.example */ = {isa = PBXFileReference; lastKnownFileType = text; path = Debug.xcconfig.example; sourceTree = "<group>"; };
/* End PBXFileReference section */

/* Begin PBXFileSystemSynchronizedBuildFileExceptionSet section */
		4C4E851D2FCFCC2A00C4FBB5 /* Exceptions for "MengjiApp" folder in "MengjiApp" target */ = {
			isa = PBXFileSystemSynchronizedBuildFileExceptionSet;
			membershipExceptions = (
				"Info-Additions.plist",
			);
			target = 4C6DD1D72F67B95B00CEB39A /* MengjiApp */;
		};
		4C6DD1F92F67BB5E00CEB39A /* Exceptions for "Modules" folder in "MengjiApp" target */ = {
			isa = PBXFileSystemSynchronizedBuildFileExceptionSet;
			membershipExceptions = (
				Recording/RecordingView.swift,
				Recording/RecordingViewModel.swift,
			);
			target = 4C6DD1D72F67B95B00CEB39A /* MengjiApp */;
		};
		4C6DD1FD2F67C2B100CEB39A /* Exceptions for "Shared" folder in "MengjiApp" target */ = {
			isa = PBXFileSystemSynchronizedBuildFileExceptionSet;
			membershipExceptions = (
				Theme/AppTheme.swift,
				Theme/AppToast.swift,
			);
			target = 4C6DD1D72F67B95B00CEB39A /* MengjiApp */;
		};
/* End PBXFileSystemSynchronizedBuildFileExceptionSet section */

/* Begin PBXFileSystemSynchronizedRootGroup section */
		4C6DD1DA2F67B95B00CEB39A /* MengjiApp */ = {
			isa = PBXFileSystemSynchronizedRootGroup;
			exceptions = (
				4C4E851D2FCFCC2A00C4FBB5 /* Exceptions for "MengjiApp" folder in "MengjiApp" target */,
			);
			path = MengjiApp;
			sourceTree = "<group>";
		};
		4C6DD1E82F67BA9D00CEB39A /* App */ = {
			isa = PBXFileSystemSynchronizedRootGroup;
			path = App;
			sourceTree = "<group>";
		};
		4C6DD1E92F67BAA600CEB39A /* Modules */ = {
			isa = PBXFileSystemSynchronizedRootGroup;
			exceptions = (
				4C6DD1F92F67BB5E00CEB39A /* Exceptions for "Modules" folder in "MengjiApp" target */,
			);
			path = Modules;
			sourceTree = "<group>";
		};
		4C6DD1EF2F67BAD900CEB39A /* Shared */ = {
			isa = PBXFileSystemSynchronizedRootGroup;
			exceptions = (
				4C6DD1FD2F67C2B100CEB39A /* Exceptions for "Shared" folder in "MengjiApp" target */,
			);
			path = Shared;
			sourceTree = "<group>";
		};
/* End PBXFileSystemSynchronizedRootGroup section */

/* Begin PBXFrameworksBuildPhase section */
		4C6DD1D52F67B95B00CEB39A /* Frameworks */ = {
			isa = PBXFrameworksBuildPhase;
			buildActionMask = 2147483647;
			files = (
			);
			runOnlyForDeploymentPostprocessing = 0;
		};
/* End PBXFrameworksBuildPhase section */

/* Begin PBXGroup section */
		4C6DD1CF2F67B95B00CEB39A = {
			isa = PBXGroup;
			children = (
				4C4E851E2FCFD63A00C4FBB5 /* Products.storekit */,
				4C6DD3032F6A010000CEB39A /* Config */,
				4C6DD1E62F67BA4400CEB39A /* New Group */,
				4C6DD1DA2F67B95B00CEB39A /* MengjiApp */,
				4C6DD1D92F67B95B00CEB39A /* Products */,
			);
			sourceTree = "<group>";
		};
		4C6DD1D92F67B95B00CEB39A /* Products */ = {
			isa = PBXGroup;
			children = (
				4C6DD1D82F67B95B00CEB39A /* MengjiApp.app */,
			);
			name = Products;
			sourceTree = "<group>";
		};
		4C6DD1E62F67BA4400CEB39A /* New Group */ = {
			isa = PBXGroup;
			children = (
				4C6DD2642F69909200CEB39A /* Domain */,
				4C6DD1EF2F67BAD900CEB39A /* Shared */,
				4C6DD1E92F67BAA600CEB39A /* Modules */,
				4C6DD1E82F67BA9D00CEB39A /* App */,
			);
			path = "New Group";
			sourceTree = "<group>";
		};
		4C6DD2642F69909200CEB39A /* Domain */ = {
			isa = PBXGroup;
			children = (
				4C6DD2612F69909200CEB39A /* Dream.swift */,
				4C6DD2622F69909200CEB39A /* DreamStore.swift */,
				4C6DD2632F69909200CEB39A /* MockAIService.swift */,
			);
			path = Domain;
			sourceTree = "<group>";
		};
		4C6DD3032F6A010000CEB39A /* Config */ = {
			isa = PBXGroup;
			children = (
				4C6DD3012F6A010000CEB39A /* Debug.xcconfig */,
				4C6DD3022F6A010000CEB39A /* Debug.xcconfig.example */,
			);
			path = Config;
			sourceTree = "<group>";
		};
/* End PBXGroup section */

/* Begin PBXNativeTarget section */
		4C6DD1D72F67B95B00CEB39A /* MengjiApp */ = {
			isa = PBXNativeTarget;
			buildConfigurationList = 4C6DD1E32F67B95C00CEB39A /* Build configuration list for PBXNativeTarget "MengjiApp" */;
			buildPhases = (
				4C6DD1D42F67B95B00CEB39A /* Sources */,
				4C6DD1D52F67B95B00CEB39A /* Frameworks */,
				4C6DD1D62F67B95B00CEB39A /* Resources */,
			);
			buildRules = (
			);
			dependencies = (
			);
			fileSystemSynchronizedGroups = (
				4C6DD1DA2F67B95B00CEB39A /* MengjiApp */,
			);
			name = MengjiApp;
			packageProductDependencies = (
			);
			productName = MengjiApp;
			productReference = 4C6DD1D82F67B95B00CEB39A /* MengjiApp.app */;
			productType = "com.apple.product-type.application";
		};
/* End PBXNativeTarget section */

/* Begin PBXProject section */
		4C6DD1D02F67B95B00CEB39A /* Project object */ = {
			isa = PBXProject;
			attributes = {
				BuildIndependentTargetsInParallel = 1;
				LastSwiftUpdateCheck = 2630;
				LastUpgradeCheck = 2650;
				TargetAttributes = {
					4C6DD1D72F67B95B00CEB39A = {
						CreatedOnToolsVersion = 26.3;
					};
				};
			};
			buildConfigurationList = 4C6DD1D32F67B95B00CEB39A /* Build configuration list for PBXProject "MengjiApp" */;
			developmentRegion = en;
			hasScannedForEncodings = 0;
			knownRegions = (
				en,
				Base,
			);
			mainGroup = 4C6DD1CF2F67B95B00CEB39A;
			minimizedProjectReferenceProxies = 1;
			preferredProjectObjectVersion = 77;
			productRefGroup = 4C6DD1D92F67B95B00CEB39A /* Products */;
			projectDirPath = "";
			projectRoot = "";
			targets = (
				4C6DD1D72F67B95B00CEB39A /* MengjiApp */,
			);
		};
/* End PBXProject section */

/* Begin PBXResourcesBuildPhase section */
		4C6DD1D62F67B95B00CEB39A /* Resources */ = {
			isa = PBXResourcesBuildPhase;
			buildActionMask = 2147483647;
			files = (
			);
			runOnlyForDeploymentPostprocessing = 0;
		};
/* End PBXResourcesBuildPhase section */

/* Begin PBXSourcesBuildPhase section */
		4C6DD1D42F67B95B00CEB39A /* Sources */ = {
			isa = PBXSourcesBuildPhase;
			buildActionMask = 2147483647;
			files = (
				4C6DD2652F69909200CEB39A /* DreamStore.swift in Sources */,
				4C6DD2662F69909200CEB39A /* MockAIService.swift in Sources */,
				4C6DD2672F69909200CEB39A /* Dream.swift in Sources */,
			);
			runOnlyForDeploymentPostprocessing = 0;
		};
/* End PBXSourcesBuildPhase section */

/* Begin XCBuildConfiguration section */
		4C6DD1E12F67B95C00CEB39A /* Debug */ = {
			isa = XCBuildConfiguration;
			baseConfigurationReference = 4C6DD3012F6A010000CEB39A /* Debug.xcconfig */;
			buildSettings = {
				ALWAYS_SEARCH_USER_PATHS = NO;
				ASSETCATALOG_COMPILER_GENERATE_SWIFT_ASSET_SYMBOL_EXTENSIONS = YES;
				CLANG_ANALYZER_NONNULL = YES;
				CLANG_ANALYZER_NUMBER_OBJECT_CONVERSION = YES_AGGRESSIVE;
				CLANG_CXX_LANGUAGE_STANDARD = "gnu++20";
				CLANG_ENABLE_MODULES = YES;
				CLANG_ENABLE_OBJC_ARC = YES;
				CLANG_ENABLE_OBJC_WEAK = YES;
				CLANG_WARN_BLOCK_CAPTURE_AUTORELEASING = YES;
				CLANG_WARN_BOOL_CONVERSION = YES;
				CLANG_WARN_COMMA = YES;
				CLANG_WARN_CONSTANT_CONVERSION = YES;
				CLANG_WARN_DEPRECATED_OBJC_IMPLEMENTATIONS = YES;
				CLANG_WARN_DIRECT_OBJC_ISA_USAGE = YES_ERROR;
				CLANG_WARN_DOCUMENTATION_COMMENTS = YES;
				CLANG_WARN_EMPTY_BODY = YES;
				CLANG_WARN_ENUM_CONVERSION = YES;
				CLANG_WARN_INFINITE_RECURSION = YES;
				CLANG_WARN_INT_CONVERSION = YES;
				CLANG_WARN_NON_LITERAL_NULL_CONVERSION = YES;
				CLANG_WARN_OBJC_IMPLICIT_RETAIN_SELF = YES;
				CLANG_WARN_OBJC_LITERAL_CONVERSION = YES;
				CLANG_WARN_OBJC_ROOT_CLASS = YES_ERROR;
				CLANG_WARN_QUOTED_INCLUDE_IN_FRAMEWORK_HEADER = YES;
				CLANG_WARN_RANGE_LOOP_ANALYSIS = YES;
				CLANG_WARN_STRICT_PROTOTYPES = YES;
				CLANG_WARN_SUSPICIOUS_MOVE = YES;
				CLANG_WARN_UNGUARDED_AVAILABILITY = YES_AGGRESSIVE;
				CLANG_WARN_UNREACHABLE_CODE = YES;
				CLANG_WARN__DUPLICATE_METHOD_MATCH = YES;
				COPY_PHASE_STRIP = NO;
				DEBUG_INFORMATION_FORMAT = dwarf;
				DEVELOPMENT_TEAM = 99Y8X7KCF2;
				ENABLE_STRICT_OBJC_MSGSEND = YES;
				ENABLE_TESTABILITY = YES;
				ENABLE_USER_SCRIPT_SANDBOXING = YES;
				GCC_C_LANGUAGE_STANDARD = gnu17;
				GCC_DYNAMIC_NO_PIC = NO;
				GCC_NO_COMMON_BLOCKS = YES;
				GCC_OPTIMIZATION_LEVEL = 0;
				GCC_PREPROCESSOR_DEFINITIONS = (
					"DEBUG=1",
					"$(inherited)",
				);
				GCC_WARN_64_TO_32_BIT_CONVERSION = YES;
				GCC_WARN_ABOUT_RETURN_TYPE = YES_ERROR;
				GCC_WARN_UNDECLARED_SELECTOR = YES;
				GCC_WARN_UNINITIALIZED_AUTOS = YES_AGGRESSIVE;
				GCC_WARN_UNUSED_FUNCTION = YES;
				GCC_WARN_UNUSED_VARIABLE = YES;
				IPHONEOS_DEPLOYMENT_TARGET = 26.2;
				LOCALIZATION_PREFERS_STRING_CATALOGS = YES;
				MTL_ENABLE_DEBUG_INFO = INCLUDE_SOURCE;
				MTL_FAST_MATH = YES;
				ONLY_ACTIVE_ARCH = YES;
				SDKROOT = iphoneos;
				STRING_CATALOG_GENERATE_SYMBOLS = YES;
				SWIFT_ACTIVE_COMPILATION_CONDITIONS = "DEBUG $(inherited)";
				SWIFT_OPTIMIZATION_LEVEL = "-Onone";
			};
			name = Debug;
		};
		4C6DD1E22F67B95C00CEB39A /* Release */ = {
			isa = XCBuildConfiguration;
			buildSettings = {
				ALWAYS_SEARCH_USER_PATHS = NO;
				ASSETCATALOG_COMPILER_GENERATE_SWIFT_ASSET_SYMBOL_EXTENSIONS = YES;
				CLANG_ANALYZER_NONNULL = YES;
				CLANG_ANALYZER_NUMBER_OBJECT_CONVERSION = YES_AGGRESSIVE;
				CLANG_CXX_LANGUAGE_STANDARD = "gnu++20";
				CLANG_ENABLE_MODULES = YES;
				CLANG_ENABLE_OBJC_ARC = YES;
				CLANG_ENABLE_OBJC_WEAK = YES;
				CLANG_WARN_BLOCK_CAPTURE_AUTORELEASING = YES;
				CLANG_WARN_BOOL_CONVERSION = YES;
				CLANG_WARN_COMMA = YES;
				CLANG_WARN_CONSTANT_CONVERSION = YES;
				CLANG_WARN_DEPRECATED_OBJC_IMPLEMENTATIONS = YES;
				CLANG_WARN_DIRECT_OBJC_ISA_USAGE = YES_ERROR;
				CLANG_WARN_DOCUMENTATION_COMMENTS = YES;
				CLANG_WARN_EMPTY_BODY = YES;
				CLANG_WARN_ENUM_CONVERSION = YES;
				CLANG_WARN_INFINITE_RECURSION = YES;
				CLANG_WARN_INT_CONVERSION = YES;
				CLANG_WARN_NON_LITERAL_NULL_CONVERSION = YES;
				CLANG_WARN_OBJC_IMPLICIT_RETAIN_SELF = YES;
				CLANG_WARN_OBJC_LITERAL_CONVERSION = YES;
				CLANG_WARN_OBJC_ROOT_CLASS = YES_ERROR;
				CLANG_WARN_QUOTED_INCLUDE_IN_FRAMEWORK_HEADER = YES;
				CLANG_WARN_RANGE_LOOP_ANALYSIS = YES;
				CLANG_WARN_STRICT_PROTOTYPES = YES;
				CLANG_WARN_SUSPICIOUS_MOVE = YES;
				CLANG_WARN_UNGUARDED_AVAILABILITY = YES_AGGRESSIVE;
				CLANG_WARN_UNREACHABLE_CODE = YES;
				CLANG_WARN__DUPLICATE_METHOD_MATCH = YES;
				COPY_PHASE_STRIP = NO;
				DEBUG_INFORMATION_FORMAT = "dwarf-with-dsym";
				DEVELOPMENT_TEAM = 99Y8X7KCF2;
				ENABLE_NS_ASSERTIONS = NO;
				ENABLE_STRICT_OBJC_MSGSEND = YES;
				ENABLE_USER_SCRIPT_SANDBOXING = YES;
				GCC_C_LANGUAGE_STANDARD = gnu17;
				GCC_NO_COMMON_BLOCKS = YES;
				GCC_WARN_64_TO_32_BIT_CONVERSION = YES;
				GCC_WARN_ABOUT_RETURN_TYPE = YES_ERROR;
				GCC_WARN_UNDECLARED_SELECTOR = YES;
				GCC_WARN_UNINITIALIZED_AUTOS = YES_AGGRESSIVE;
				GCC_WARN_UNUSED_FUNCTION = YES;
				GCC_WARN_UNUSED_VARIABLE = YES;
				IPHONEOS_DEPLOYMENT_TARGET = 26.2;
				LOCALIZATION_PREFERS_STRING_CATALOGS = YES;
				MTL_ENABLE_DEBUG_INFO = NO;
				MTL_FAST_MATH = YES;
				SDKROOT = iphoneos;
				STRING_CATALOG_GENERATE_SYMBOLS = YES;
				SWIFT_COMPILATION_MODE = wholemodule;
				VALIDATE_PRODUCT = YES;
			};
			name = Release;
		};
		4C6DD1E42F67B95C00CEB39A /* Debug */ = {
			isa = XCBuildConfiguration;
			baseConfigurationReference = 4C6DD3012F6A010000CEB39A /* Debug.xcconfig */;
			buildSettings = {
				ASSETCATALOG_COMPILER_APPICON_NAME = AppIcon;
				ASSETCATALOG_COMPILER_GLOBAL_ACCENT_COLOR_NAME = AccentColor;
				CODE_SIGN_ENTITLEMENTS = MengjiApp/MengjiApp.entitlements;
				CODE_SIGN_STYLE = Automatic;
				CURRENT_PROJECT_VERSION = 1;
				DEVELOPMENT_TEAM = 22G8NT8SD8;
				ENABLE_PREVIEWS = YES;
				GENERATE_INFOPLIST_FILE = YES;
				INFOPLIST_FILE = "MengjiApp/Info-Additions.plist";
				INFOPLIST_KEY_MENGJI_API_BASE = "$(MENGJI_DEV_API_BASE)";
				INFOPLIST_KEY_NSFaceIDUsageDescription = "梦悸使用面容 ID 或触控 ID，用于在你开启「进入个人中心时验证」后，确认是本人打开个人中心与相关设置。";
				INFOPLIST_KEY_NSMicrophoneUsageDescription = "梦悸需要访问麦克风，用于录制你的梦境语音并转写为文字，仅用于梦境记录与梦析功能。";
				INFOPLIST_KEY_NSSpeechRecognitionUsageDescription = "梦悸需要使用语音识别，将你说出的梦境内容实时转写为文字，方便你回看与整理，不会用于其他目的。";
				INFOPLIST_KEY_UIApplicationSceneManifest_Generation = YES;
				INFOPLIST_KEY_UIApplicationSupportsIndirectInputEvents = YES;
				INFOPLIST_KEY_UILaunchScreen_Generation = YES;
				INFOPLIST_KEY_UISupportedInterfaceOrientations_iPad = "UIInterfaceOrientationPortrait UIInterfaceOrientationPortraitUpsideDown UIInterfaceOrientationLandscapeLeft UIInterfaceOrientationLandscapeRight";
				INFOPLIST_KEY_UISupportedInterfaceOrientations_iPhone = "UIInterfaceOrientationPortrait UIInterfaceOrientationLandscapeLeft UIInterfaceOrientationLandscapeRight";
				LD_RUNPATH_SEARCH_PATHS = (
					"$(inherited)",
					"@executable_path/Frameworks",
				);
				MARKETING_VERSION = 1.0;
				NEW_SETTING = "";
				PRODUCT_BUNDLE_IDENTIFIER = com.mengji.app;
				PRODUCT_NAME = "$(TARGET_NAME)";
				STRING_CATALOG_GENERATE_SYMBOLS = YES;
				SWIFT_APPROACHABLE_CONCURRENCY = YES;
				SWIFT_DEFAULT_ACTOR_ISOLATION = MainActor;
				SWIFT_EMIT_LOC_STRINGS = YES;
				SWIFT_UPCOMING_FEATURE_MEMBER_IMPORT_VISIBILITY = YES;
				SWIFT_VERSION = 5.0;
				TARGETED_DEVICE_FAMILY = "1,2";
			};
			name = Debug;
		};
		4C6DD1E52F67B95C00CEB39A /* Release */ = {
			isa = XCBuildConfiguration;
			buildSettings = {
				ASSETCATALOG_COMPILER_APPICON_NAME = AppIcon;
				ASSETCATALOG_COMPILER_GLOBAL_ACCENT_COLOR_NAME = AccentColor;
				CODE_SIGN_ENTITLEMENTS = MengjiApp/MengjiApp.entitlements;
				CODE_SIGN_STYLE = Automatic;
				CURRENT_PROJECT_VERSION = 1;
				DEVELOPMENT_TEAM = 22G8NT8SD8;
				ENABLE_PREVIEWS = YES;
				GENERATE_INFOPLIST_FILE = YES;
				INFOPLIST_FILE = "MengjiApp/Info-Additions.plist";
				INFOPLIST_KEY_MENGJI_API_BASE = "https://api.mengji.app";
				INFOPLIST_KEY_NSFaceIDUsageDescription = "梦悸使用面容 ID 或触控 ID，用于在你开启「进入个人中心时验证」后，确认是本人打开个人中心与相关设置。";
				INFOPLIST_KEY_NSMicrophoneUsageDescription = "梦悸需要访问麦克风，用于录制你的梦境语音并转写为文字，仅用于梦境记录与梦析功能。";
				INFOPLIST_KEY_NSSpeechRecognitionUsageDescription = "梦悸需要使用语音识别，将你说出的梦境内容实时转写为文字，方便你回看与整理，不会用于其他目的。";
				INFOPLIST_KEY_UIApplicationSceneManifest_Generation = YES;
				INFOPLIST_KEY_UIApplicationSupportsIndirectInputEvents = YES;
				INFOPLIST_KEY_UILaunchScreen_Generation = YES;
				INFOPLIST_KEY_UISupportedInterfaceOrientations_iPad = "UIInterfaceOrientationPortrait UIInterfaceOrientationPortraitUpsideDown UIInterfaceOrientationLandscapeLeft UIInterfaceOrientationLandscapeRight";
				INFOPLIST_KEY_UISupportedInterfaceOrientations_iPhone = "UIInterfaceOrientationPortrait UIInterfaceOrientationLandscapeLeft UIInterfaceOrientationLandscapeRight";
				LD_RUNPATH_SEARCH_PATHS = (
					"$(inherited)",
					"@executable_path/Frameworks",
				);
				MARKETING_VERSION = 1.0;
				NEW_SETTING = "";
				PRODUCT_BUNDLE_IDENTIFIER = com.mengji.app;
				PRODUCT_NAME = "$(TARGET_NAME)";
				STRING_CATALOG_GENERATE_SYMBOLS = YES;
				SWIFT_APPROACHABLE_CONCURRENCY = YES;
				SWIFT_DEFAULT_ACTOR_ISOLATION = MainActor;
				SWIFT_EMIT_LOC_STRINGS = YES;
				SWIFT_UPCOMING_FEATURE_MEMBER_IMPORT_VISIBILITY = YES;
				SWIFT_VERSION = 5.0;
				TARGETED_DEVICE_FAMILY = "1,2";
			};
			name = Release;
		};
/* End XCBuildConfiguration section */

/* Begin XCConfigurationList section */
		4C6DD1D32F67B95B00CEB39A /* Build configuration list for PBXProject "MengjiApp" */ = {
			isa = XCConfigurationList;
			buildConfigurations = (
				4C6DD1E12F67B95C00CEB39A /* Debug */,
				4C6DD1E22F67B95C00CEB39A /* Release */,
			);
			defaultConfigurationIsVisible = 0;
			defaultConfigurationName = Release;
		};
		4C6DD1E32F67B95C00CEB39A /* Build configuration list for PBXNativeTarget "MengjiApp" */ = {
			isa = XCConfigurationList;
			buildConfigurations = (
				4C6DD1E42F67B95C00CEB39A /* Debug */,
				4C6DD1E52F67B95C00CEB39A /* Release */,
			);
			defaultConfigurationIsVisible = 0;
			defaultConfigurationName = Release;
		};
/* End XCConfigurationList section */
	};
	rootObject = 4C6DD1D02F67B95B00CEB39A /* Project object */;
}
